
Microsoft Visual Studio Solution File, Format Version 12.00
# Visual Studio Version 17
VisualStudioVersion = 17.3.32825.248
MinimumVisualStudioVersion = 10.0.40219.1
Project("{FAE04EC0-301F-11D3-BF4B-00C04F79EFBC}") = "CQRS.Api", "CQRS_Pattern\CQRS.Api.csproj", "{776685C2-4B31-47C1-BE08-AB4F55DAB6CA}"
EndProject
Project("{FAE04EC0-301F-11D3-BF4B-00C04F79EFBC}") = "CQRS.DataAccess", "DataAccess\CQRS.DataAccess.csproj", "{6F237D35-703E-45AA-9CA8-4F4A07F5D6C0}"
EndProject
Project("{FAE04EC0-301F-11D3-BF4B-00C04F79EFBC}") = "CQRS.Entities", "CQRS.Entities\CQRS.Entities.csproj", "{A62A79F5-3FBF-4BDB-9DF0-350F50D957CC}"
EndProject
Global
	GlobalSection(SolutionConfigurationPlatforms) = preSolution
		Debug|Any CPU = Debug|Any CPU
		Release|Any CPU = Release|Any CPU
	EndGlobalSection
	GlobalSection(ProjectConfigurationPlatforms) = postSolution
		{776685C2-4B31-47C1-BE08-AB4F55DAB6CA}.Debug|Any CPU.ActiveCfg = Debug|Any CPU
		{776685C2-4B31-47C1-BE08-AB4F55DAB6CA}.Debug|Any CPU.Build.0 = Debug|Any CPU
		{776685C2-4B31-47C1-BE08-AB4F55DAB6CA}.Release|Any CPU.ActiveCfg = Release|Any CPU
		{776685C2-4B31-47C1-BE08-AB4F55DAB6CA}.Release|Any CPU.Build.0 = Release|Any CPU
		{6F237D35-703E-45AA-9CA8-4F4A07F5D6C0}.Debug|Any CPU.ActiveCfg = Debug|Any CPU
		{6F237D35-703E-45AA-9CA8-4F4A07F5D6C0}.Debug|Any CPU.Build.0 = Debug|Any CPU
		{6F237D35-703E-45AA-9CA8-4F4A07F5D6C0}.Release|Any CPU.ActiveCfg = Release|Any CPU
		{6F237D35-703E-45AA-9CA8-4F4A07F5D6C0}.Release|Any CPU.Build.0 = Release|Any CPU
		{A62A79F5-3FBF-4BDB-9DF0-350F50D957CC}.Debug|Any CPU.ActiveCfg = Debug|Any CPU
		{A62A79F5-3FBF-4BDB-9DF0-350F50D957CC}.Debug|Any CPU.Build.0 = Debug|Any CPU
		{A62A79F5-3FBF-4BDB-9DF0-350F50D957CC}.Release|Any CPU.ActiveCfg = Release|Any CPU
		{A62A79F5-3FBF-4BDB-9DF0-350F50D957CC}.Release|Any CPU.Build.0 = Release|Any CPU
	EndGlobalSection
	GlobalSection(SolutionProperties) = preSolution
		HideSolutionNode = FALSE
	EndGlobalSection
	GlobalSection(ExtensibilityGlobals) = postSolution
		SolutionGuid = {0D9864D2-BE16-4A1D-AFFF-2212EC36E86E}
	EndGlobalSection
EndGlobal
